// !$*UTF8*$!
{
	archiveVersion = 1;
	classes = {
	};
	objectVersion = 56;
	objects = {

/* Begin PBXBuildFile section */
		CC0F3AFE2963C22E00972579 /* Indicator+Extension.swift in Sources */ = {isa = PBXBuildFile; fileRef = CC0F3AFD2963C22E00972579 /* Indicator+Extension.swift */; };
		CC0F3B002963C2FB00972579 /* Outcome+Extension.swift in Sources */ = {isa = PBXBuildFile; fileRef = CC0F3AFF2963C2FB00972579 /* Outcome+Extension.swift */; };
		CC0F3B022963D0F100972579 /* Unit+Extension.swift in Sources */ = {isa = PBXBuildFile; fileRef = CC0F3B012963D0F100972579 /* Unit+Extension.swift */; };
		CC0F3B052963D52600972579 /* Tag.swift in Sources */ = {isa = PBXBuildFile; fileRef = CC0F3B042963D52600972579 /* Tag.swift */; };
		CC0F3B072963D6F300972579 /* Tag+Extension.swift in Sources */ = {isa = PBXBuildFile; fileRef = CC0F3B062963D6F300972579 /* Tag+Extension.swift */; };
		CC0F3B0A2963D91200972579 /* EditIndicator.swift in Sources */ = {isa = PBXBuildFile; fileRef = CC0F3B092963D91200972579 /* EditIndicator.swift */; };
		CC0F3B0C2963DD2800972579 /* IndicatorRow.swift in Sources */ = {isa = PBXBuildFile; fileRef = CC0F3B0B2963DD2800972579 /* IndicatorRow.swift */; };
		CC0F3B0E2963DE0700972579 /* Binding+Extension.swift in Sources */ = {isa = PBXBuildFile; fileRef = CC0F3B0D2963DE0700972579 /* Binding+Extension.swift */; };
		CC0F3B102963DFAB00972579 /* OutcomeHeader.swift in Sources */ = {isa = PBXBuildFile; fileRef = CC0F3B0F2963DFAB00972579 /* OutcomeHeader.swift */; };
		CC0F3B122963E12800972579 /* Colors.xcassets in Resources */ = {isa = PBXBuildFile; fileRef = CC0F3B112963E12800972579 /* Colors.xcassets */; };
		CC0F3B142963E30600972579 /* EditOutcome.swift in Sources */ = {isa = PBXBuildFile; fileRef = CC0F3B132963E30600972579 /* EditOutcome.swift */; };
		CC574A3B2963B09F0021F3FF /* ProficiencyApp.swift in Sources */ = {isa = PBXBuildFile; fileRef = CC574A3A2963B09F0021F3FF /* ProficiencyApp.swift */; };
		CC574A3D2963B09F0021F3FF /* ContentView.swift in Sources */ = {isa = PBXBuildFile; fileRef = CC574A3C2963B09F0021F3FF /* ContentView.swift */; };
		CC574A3F2963B0A00021F3FF /* Assets.xcassets in Resources */ = {isa = PBXBuildFile; fileRef = CC574A3E2963B0A00021F3FF /* Assets.xcassets */; };
		CC574A432963B0A00021F3FF /* Preview Assets.xcassets in Resources */ = {isa = PBXBuildFile; fileRef = CC574A422963B0A00021F3FF /* Preview Assets.xcassets */; };
		CC574A4B2963B3960021F3FF /* Main.xcdatamodeld in Sources */ = {isa = PBXBuildFile; fileRef = CC574A492963B3960021F3FF /* Main.xcdatamodeld */; };
		CC574A4D2963B6D90021F3FF /* DataController.swift in Sources */ = {isa = PBXBuildFile; fileRef = CC574A4C2963B6D90021F3FF /* DataController.swift */; };
		CC574A4F2963BD480021F3FF /* Home.swift in Sources */ = {isa = PBXBuildFile; fileRef = CC574A4E2963BD480021F3FF /* Home.swift */; };
		CC574A512963BDA20021F3FF /* OutcomesView.swift in Sources */ = {isa = PBXBuildFile; fileRef = CC574A502963BDA20021F3FF /* OutcomesView.swift */; };
/* End PBXBuildFile section */

/* Begin PBXFileReference section */
		CC0F3AFD2963C22E00972579 /* Indicator+Extension.swift */ = {isa = PBXFileReference; lastKnownFileType = sourcecode.swift; path = "Indicator+Extension.swift"; sourceTree = "<group>"; };
		CC0F3AFF2963C2FB00972579 /* Outcome+Extension.swift */ = {isa = PBXFileReference; lastKnownFileType = sourcecode.swift; path = "Outcome+Extension.swift"; sourceTree = "<group>"; };
		CC0F3B012963D0F100972579 /* Unit+Extension.swift */ = {isa = PBXFileReference; lastKnownFileType = sourcecode.swift; path = "Unit+Extension.swift"; sourceTree = "<group>"; };
		CC0F3B042963D52600972579 /* Tag.swift */ = {isa = PBXFileReference; lastKnownFileType = sourcecode.swift; path = Tag.swift; sourceTree = "<group>"; };
		CC0F3B062963D6F300972579 /* Tag+Extension.swift */ = {isa = PBXFileReference; lastKnownFileType = sourcecode.swift; path = "Tag+Extension.swift"; sourceTree = "<group>"; };
		CC0F3B092963D91200972579 /* EditIndicator.swift */ = {isa = PBXFileReference; lastKnownFileType = sourcecode.swift; path = EditIndicator.swift; sourceTree = "<group>"; };
		CC0F3B0B2963DD2800972579 /* IndicatorRow.swift */ = {isa = PBXFileReference; lastKnownFileType = sourcecode.swift; path = IndicatorRow.swift; sourceTree = "<group>"; };
		CC0F3B0D2963DE0700972579 /* Binding+Extension.swift */ = {isa = PBXFileReference; lastKnownFileType = sourcecode.swift; path = "Binding+Extension.swift"; sourceTree = "<group>"; };
		CC0F3B0F2963DFAB00972579 /* OutcomeHeader.swift */ = {isa = PBXFileReference; lastKnownFileType = sourcecode.swift; path = OutcomeHeader.swift; sourceTree = "<group>"; };
		CC0F3B112963E12800972579 /* Colors.xcassets */ = {isa = PBXFileReference; lastKnownFileType = folder.assetcatalog; path = Colors.xcassets; sourceTree = "<group>"; };
		CC0F3B132963E30600972579 /* EditOutcome.swift */ = {isa = PBXFileReference; lastKnownFileType = sourcecode.swift; path = EditOutcome.swift; sourceTree = "<group>"; };
		CC574A372963B09F0021F3FF /* Proficiency.app */ = {isa = PBXFileReference; explicitFileType = wrapper.application; includeInIndex = 0; path = Proficiency.app; sourceTree = BUILT_PRODUCTS_DIR; };
		CC574A3A2963B09F0021F3FF /* ProficiencyApp.swift */ = {isa = PBXFileReference; lastKnownFileType = sourcecode.swift; path = ProficiencyApp.swift; sourceTree = "<group>"; };
		CC574A3C2963B09F0021F3FF /* ContentView.swift */ = {isa = PBXFileReference; lastKnownFileType = sourcecode.swift; path = ContentView.swift; sourceTree = "<group>"; };
		CC574A3E2963B0A00021F3FF /* Assets.xcassets */ = {isa = PBXFileReference; lastKnownFileType = folder.assetcatalog; path = Assets.xcassets; sourceTree = "<group>"; };
		CC574A402963B0A00021F3FF /* Proficiency.entitlements */ = {isa = PBXFileReference; lastKnownFileType = text.plist.entitlements; path = Proficiency.entitlements; sourceTree = "<group>"; };
		CC574A422963B0A00021F3FF /* Preview Assets.xcassets */ = {isa = PBXFileReference; lastKnownFileType = folder.assetcatalog; path = "Preview Assets.xcassets"; sourceTree = "<group>"; };
		CC574A4A2963B3960021F3FF /* Main.xcdatamodel */ = {isa = PBXFileReference; lastKnownFileType = wrapper.xcdatamodel; path = Main.xcdatamodel; sourceTree = "<group>"; };
		CC574A4C2963B6D90021F3FF /* DataController.swift */ = {isa = PBXFileReference; lastKnownFileType = sourcecode.swift; path = DataController.swift; sourceTree = "<group>"; };
		CC574A4E2963BD480021F3FF /* Home.swift */ = {isa = PBXFileReference; lastKnownFileType = sourcecode.swift; path = Home.swift; sourceTree = "<group>"; };
		CC574A502963BDA20021F3FF /* OutcomesView.swift */ = {isa = PBXFileReference; lastKnownFileType = sourcecode.swift; path = OutcomesView.swift; sourceTree = "<group>"; };
/* End PBXFileReference section */

/* Begin PBXFrameworksBuildPhase section */
		CC574A342963B09F0021F3FF /* Frameworks */ = {
			isa = PBXFrameworksBuildPhase;
			buildActionMask = 2147483647;
			files = (
			);
			runOnlyForDeploymentPostprocessing = 0;
		};
/* End PBXFrameworksBuildPhase section */

/* Begin PBXGroup section */
		CC0F3AFC2963C22100972579 /* Extension */ = {
			isa = PBXGroup;
			children = (
				CC0F3AFD2963C22E00972579 /* Indicator+Extension.swift */,
				CC0F3B012963D0F100972579 /* Unit+Extension.swift */,
				CC0F3AFF2963C2FB00972579 /* Outcome+Extension.swift */,
				CC0F3B062963D6F300972579 /* Tag+Extension.swift */,
				CC0F3B0D2963DE0700972579 /* Binding+Extension.swift */,
			);
			path = Extension;
			sourceTree = "<group>";
		};
		CC0F3B032963D50D00972579 /* Model */ = {
			isa = PBXGroup;
			children = (
				CC0F3B042963D52600972579 /* Tag.swift */,
			);
			path = Model;
			sourceTree = "<group>";
		};
		CC0F3B082963D8F900972579 /* View */ = {
			isa = PBXGroup;
			children = (
				CC574A4E2963BD480021F3FF /* Home.swift */,
				CC574A502963BDA20021F3FF /* OutcomesView.swift */,
				CC0F3B0B2963DD2800972579 /* IndicatorRow.swift */,
				CC574A3C2963B09F0021F3FF /* ContentView.swift */,
				CC0F3B092963D91200972579 /* EditIndicator.swift */,
				CC0F3B0F2963DFAB00972579 /* OutcomeHeader.swift */,
				CC0F3B132963E30600972579 /* EditOutcome.swift */,
			);
			path = View;
			sourceTree = "<group>";
		};
		CC574A2E2963B09F0021F3FF = {
			isa = PBXGroup;
			children = (
				CC574A392963B09F0021F3FF /* Proficiency */,
				CC574A382963B09F0021F3FF /* Products */,
			);
			sourceTree = "<group>";
		};
		CC574A382963B09F0021F3FF /* Products */ = {
			isa = PBXGroup;
			children = (
				CC574A372963B09F0021F3FF /* Proficiency.app */,
			);
			name = Products;
			sourceTree = "<group>";
		};
		CC574A392963B09F0021F3FF /* Proficiency */ = {
			isa = PBXGroup;
			children = (
				CC0F3B082963D8F900972579 /* View */,
				CC0F3B032963D50D00972579 /* Model */,
				CC0F3AFC2963C22100972579 /* Extension */,
				CC574A3A2963B09F0021F3FF /* ProficiencyApp.swift */,
				CC574A4C2963B6D90021F3FF /* DataController.swift */,
				CC574A492963B3960021F3FF /* Main.xcdatamodeld */,
				CC574A3E2963B0A00021F3FF /* Assets.xcassets */,
				CC0F3B112963E12800972579 /* Colors.xcassets */,
				CC574A402963B0A00021F3FF /* Proficiency.entitlements */,
				CC574A412963B0A00021F3FF /* Preview Content */,
			);
			path = Proficiency;
			sourceTree = "<group>";
		};
		CC574A412963B0A00021F3FF /* Preview Content */ = {
			isa = PBXGroup;
			children = (
				CC574A422963B0A00021F3FF /* Preview Assets.xcassets */,
			);
			path = "Preview Content";
			sourceTree = "<group>";
		};
/* End PBXGroup section */

/* Begin PBXNativeTarget section */
		CC574A362963B09F0021F3FF /* Proficiency */ = {
			isa = PBXNativeTarget;
			buildConfigurationList = CC574A462963B0A00021F3FF /* Build configuration list for PBXNativeTarget "Proficiency" */;
			buildPhases = (
				CC574A332963B09F0021F3FF /* Sources */,
				CC574A342963B09F0021F3FF /* Frameworks */,
				CC574A352963B09F0021F3FF /* Resources */,
			);
			buildRules = (
			);
			dependencies = (
			);
			name = Proficiency;
			productName = Proficiency;
			productReference = CC574A372963B09F0021F3FF /* Proficiency.app */;
			productType = "com.apple.product-type.application";
		};
/* End PBXNativeTarget section */

/* Begin PBXProject section */
		CC574A2F2963B09F0021F3FF /* Project object */ = {
			isa = PBXProject;
			attributes = {
				BuildIndependentTargetsInParallel = 1;
				LastSwiftUpdateCheck = 1420;
				LastUpgradeCheck = 1420;
				TargetAttributes = {
					CC574A362963B09F0021F3FF = {
						CreatedOnToolsVersion = 14.2;
					};
				};
			};
			buildConfigurationList = CC574A322963B09F0021F3FF /* Build configuration list for PBXProject "Proficiency" */;
			compatibilityVersion = "Xcode 14.0";
			developmentRegion = en;
			hasScannedForEncodings = 0;
			knownRegions = (
				en,
				Base,
			);
			mainGroup = CC574A2E2963B09F0021F3FF;
			productRefGroup = CC574A382963B09F0021F3FF /* Products */;
			projectDirPath = "";
			projectRoot = "";
			targets = (
				CC574A362963B09F0021F3FF /* Proficiency */,
			);
		};
/* End PBXProject section */

/* Begin PBXResourcesBuildPhase section */
		CC574A352963B09F0021F3FF /* Resources */ = {
			isa = PBXResourcesBuildPhase;
			buildActionMask = 2147483647;
			files = (
				CC0F3B122963E12800972579 /* Colors.xcassets in Resources */,
				CC574A432963B0A00021F3FF /* Preview Assets.xcassets in Resources */,
				CC574A3F2963B0A00021F3FF /* Assets.xcassets in Resources */,
			);
			runOnlyForDeploymentPostprocessing = 0;
		};
/* End PBXResourcesBuildPhase section */

/* Begin PBXSourcesBuildPhase section */
		CC574A332963B09F0021F3FF /* Sources */ = {
			isa = PBXSourcesBuildPhase;
			buildActionMask = 2147483647;
			files = (
				CC0F3AFE2963C22E00972579 /* Indicator+Extension.swift in Sources */,
				CC0F3B0A2963D91200972579 /* EditIndicator.swift in Sources */,
				CC0F3B022963D0F100972579 /* Unit+Extension.swift in Sources */,
				CC0F3B052963D52600972579 /* Tag.swift in Sources */,
				CC574A4B2963B3960021F3FF /* Main.xcdatamodeld in Sources */,
				CC574A4D2963B6D90021F3FF /* DataController.swift in Sources */,
				CC0F3B0C2963DD2800972579 /* IndicatorRow.swift in Sources */,
				CC574A4F2963BD480021F3FF /* Home.swift in Sources */,
				CC574A3D2963B09F0021F3FF /* ContentView.swift in Sources */,
				CC574A3B2963B09F0021F3FF /* ProficiencyApp.swift in Sources */,
				CC0F3B102963DFAB00972579 /* OutcomeHeader.swift in Sources */,
				CC0F3B072963D6F300972579 /* Tag+Extension.swift in Sources */,
				CC0F3B002963C2FB00972579 /* Outcome+Extension.swift in Sources */,
				CC574A512963BDA20021F3FF /* OutcomesView.swift in Sources */,
				CC0F3B142963E30600972579 /* EditOutcome.swift in Sources */,
				CC0F3B0E2963DE0700972579 /* Binding+Extension.swift in Sources */,
			);
			runOnlyForDeploymentPostprocessing = 0;
		};
/* End PBXSourcesBuildPhase section */

/* Begin XCBuildConfiguration section */
		CC574A442963B0A00021F3FF /* Debug */ = {
			isa = XCBuildConfiguration;
			buildSettings = {
				ALWAYS_SEARCH_USER_PATHS = NO;
				CLANG_ANALYZER_NONNULL = YES;
				CLANG_ANALYZER_NUMBER_OBJECT_CONVERSION = YES_AGGRESSIVE;
				CLANG_CXX_LANGUAGE_STANDARD = "gnu++20";
				CLANG_ENABLE_MODULES = YES;
				CLANG_ENABLE_OBJC_ARC = YES;
				CLANG_ENABLE_OBJC_WEAK = YES;
				CLANG_WARN_BLOCK_CAPTURE_AUTORELEASING = YES;
				CLANG_WARN_BOOL_CONVERSION = YES;
				CLANG_WARN_COMMA = YES;
				CLANG_WARN_CONSTANT_CONVERSION = YES;
				CLANG_WARN_DEPRECATED_OBJC_IMPLEMENTATIONS = YES;
				CLANG_WARN_DIRECT_OBJC_ISA_USAGE = YES_ERROR;
				CLANG_WARN_DOCUMENTATION_COMMENTS = YES;
				CLANG_WARN_EMPTY_BODY = YES;
				CLANG_WARN_ENUM_CONVERSION = YES;
				CLANG_WARN_INFINITE_RECURSION = YES;
				CLANG_WARN_INT_CONVERSION = YES;
				CLANG_WARN_NON_LITERAL_NULL_CONVERSION = YES;
				CLANG_WARN_OBJC_IMPLICIT_RETAIN_SELF = YES;
				CLANG_WARN_OBJC_LITERAL_CONVERSION = YES;
				CLANG_WARN_OBJC_ROOT_CLASS = YES_ERROR;
				CLANG_WARN_QUOTED_INCLUDE_IN_FRAMEWORK_HEADER = YES;
				CLANG_WARN_RANGE_LOOP_ANALYSIS = YES;
				CLANG_WARN_STRICT_PROTOTYPES = YES;
				CLANG_WARN_SUSPICIOUS_MOVE = YES;
				CLANG_WARN_UNGUARDED_AVAILABILITY = YES_AGGRESSIVE;
				CLANG_WARN_UNREACHABLE_CODE = YES;
				CLANG_WARN__DUPLICATE_METHOD_MATCH = YES;
				COPY_PHASE_STRIP = NO;
				DEBUG_INFORMATION_FORMAT = dwarf;
				ENABLE_STRICT_OBJC_MSGSEND = YES;
				ENABLE_TESTABILITY = YES;
				GCC_C_LANGUAGE_STANDARD = gnu11;
				GCC_DYNAMIC_NO_PIC = NO;
				GCC_NO_COMMON_BLOCKS = YES;
				GCC_OPTIMIZATION_LEVEL = 0;
				GCC_PREPROCESSOR_DEFINITIONS = (
					"DEBUG=1",
					"$(inherited)",
				);
				GCC_WARN_64_TO_32_BIT_CONVERSION = YES;
				GCC_WARN_ABOUT_RETURN_TYPE = YES_ERROR;
				GCC_WARN_UNDECLARED_SELECTOR = YES;
				GCC_WARN_UNINITIALIZED_AUTOS = YES_AGGRESSIVE;
				GCC_WARN_UNUSED_FUNCTION = YES;
				GCC_WARN_UNUSED_VARIABLE = YES;
				MTL_ENABLE_DEBUG_INFO = INCLUDE_SOURCE;
				MTL_FAST_MATH = YES;
				ONLY_ACTIVE_ARCH = YES;
				SWIFT_ACTIVE_COMPILATION_CONDITIONS = DEBUG;
				SWIFT_OPTIMIZATION_LEVEL = "-Onone";
			};
			name = Debug;
		};
		CC574A452963B0A00021F3FF /* Release */ = {
			isa = XCBuildConfiguration;
			buildSettings = {
				ALWAYS_SEARCH_USER_PATHS = NO;
				CLANG_ANALYZER_NONNULL = YES;
				CLANG_ANALYZER_NUMBER_OBJECT_CONVERSION = YES_AGGRESSIVE;
				CLANG_CXX_LANGUAGE_STANDARD = "gnu++20";
				CLANG_ENABLE_MODULES = YES;
				CLANG_ENABLE_OBJC_ARC = YES;
				CLANG_ENABLE_OBJC_WEAK = YES;
				CLANG_WARN_BLOCK_CAPTURE_AUTORELEASING = YES;
				CLANG_WARN_BOOL_CONVERSION = YES;
				CLANG_WARN_COMMA = YES;
				CLANG_WARN_CONSTANT_CONVERSION = YES;
				CLANG_WARN_DEPRECATED_OBJC_IMPLEMENTATIONS = YES;
				CLANG_WARN_DIRECT_OBJC_ISA_USAGE = YES_ERROR;
				CLANG_WARN_DOCUMENTATION_COMMENTS = YES;
				CLANG_WARN_EMPTY_BODY = YES;
				CLANG_WARN_ENUM_CONVERSION = YES;
				CLANG_WARN_INFINITE_RECURSION = YES;
				CLANG_WARN_INT_CONVERSION = YES;
				CLANG_WARN_NON_LITERAL_NULL_CONVERSION = YES;
				CLANG_WARN_OBJC_IMPLICIT_RETAIN_SELF = YES;
				CLANG_WARN_OBJC_LITERAL_CONVERSION = YES;
				CLANG_WARN_OBJC_ROOT_CLASS = YES_ERROR;
				CLANG_WARN_QUOTED_INCLUDE_IN_FRAMEWORK_HEADER = YES;
				CLANG_WARN_RANGE_LOOP_ANALYSIS = YES;
				CLANG_WARN_STRICT_PROTOTYPES = YES;
				CLANG_WARN_SUSPICIOUS_MOVE = YES;
				CLANG_WARN_UNGUARDED_AVAILABILITY = YES_AGGRESSIVE;
				CLANG_WARN_UNREACHABLE_CODE = YES;
				CLANG_WARN__DUPLICATE_METHOD_MATCH = YES;
				COPY_PHASE_STRIP = NO;
				DEBUG_INFORMATION_FORMAT = "dwarf-with-dsym";
				ENABLE_NS_ASSERTIONS = NO;
				ENABLE_STRICT_OBJC_MSGSEND = YES;
				GCC_C_LANGUAGE_STANDARD = gnu11;
				GCC_NO_COMMON_BLOCKS = YES;
				GCC_WARN_64_TO_32_BIT_CONVERSION = YES;
				GCC_WARN_ABOUT_RETURN_TYPE = YES_ERROR;
				GCC_WARN_UNDECLARED_SELECTOR = YES;
				GCC_WARN_UNINITIALIZED_AUTOS = YES_AGGRESSIVE;
				GCC_WARN_UNUSED_FUNCTION = YES;
				GCC_WARN_UNUSED_VARIABLE = YES;
				MTL_ENABLE_DEBUG_INFO = NO;
				MTL_FAST_MATH = YES;
				SWIFT_COMPILATION_MODE = wholemodule;
				SWIFT_OPTIMIZATION_LEVEL = "-O";
			};
			name = Release;
		};
		CC574A472963B0A00021F3FF /* Debug */ = {
			isa = XCBuildConfiguration;
			buildSettings = {
				ASSETCATALOG_COMPILER_APPICON_NAME = AppIcon;
				ASSETCATALOG_COMPILER_GLOBAL_ACCENT_COLOR_NAME = AccentColor;
				CODE_SIGN_ENTITLEMENTS = Proficiency/Proficiency.entitlements;
				CODE_SIGN_STYLE = Automatic;
				CURRENT_PROJECT_VERSION = 1;
				DEVELOPMENT_ASSET_PATHS = "\"Proficiency/Preview Content\"";
				DEVELOPMENT_TEAM = 88QL9VPLMY;
				ENABLE_HARDENED_RUNTIME = YES;
				ENABLE_PREVIEWS = YES;
				GENERATE_INFOPLIST_FILE = YES;
				"INFOPLIST_KEY_UIApplicationSceneManifest_Generation[sdk=iphoneos*]" = YES;
				"INFOPLIST_KEY_UIApplicationSceneManifest_Generation[sdk=iphonesimulator*]" = YES;
				"INFOPLIST_KEY_UIApplicationSupportsIndirectInputEvents[sdk=iphoneos*]" = YES;
				"INFOPLIST_KEY_UIApplicationSupportsIndirectInputEvents[sdk=iphonesimulator*]" = YES;
				"INFOPLIST_KEY_UILaunchScreen_Generation[sdk=iphoneos*]" = YES;
				"INFOPLIST_KEY_UILaunchScreen_Generation[sdk=iphonesimulator*]" = YES;
				"INFOPLIST_KEY_UIStatusBarStyle[sdk=iphoneos*]" = UIStatusBarStyleDefault;
				"INFOPLIST_KEY_UIStatusBarStyle[sdk=iphonesimulator*]" = UIStatusBarStyleDefault;
				INFOPLIST_KEY_UISupportedInterfaceOrientations_iPad = "UIInterfaceOrientationPortrait UIInterfaceOrientationPortraitUpsideDown UIInterfaceOrientationLandscapeLeft UIInterfaceOrientationLandscapeRight";
				INFOPLIST_KEY_UISupportedInterfaceOrientations_iPhone = "UIInterfaceOrientationPortrait UIInterfaceOrientationLandscapeLeft UIInterfaceOrientationLandscapeRight";
				IPHONEOS_DEPLOYMENT_TARGET = 16.2;
				LD_RUNPATH_SEARCH_PATHS = "@executable_path/Frameworks";
				"LD_RUNPATH_SEARCH_PATHS[sdk=macosx*]" = "@executable_path/../Frameworks";
				MACOSX_DEPLOYMENT_TARGET = 13.0;
				MARKETING_VERSION = 1.0;
				PRODUCT_BUNDLE_IDENTIFIER = com.transfinite.Proficiency;
				PRODUCT_NAME = "$(TARGET_NAME)";
				SDKROOT = auto;
				SUPPORTED_PLATFORMS = "iphoneos iphonesimulator macosx";
				SWIFT_EMIT_LOC_STRINGS = YES;
				SWIFT_VERSION = 5.0;
				TARGETED_DEVICE_FAMILY = "1,2";
			};
			name = Debug;
		};
		CC574A482963B0A00021F3FF /* Release */ = {
			isa = XCBuildConfiguration;
			buildSettings = {
				ASSETCATALOG_COMPILER_APPICON_NAME = AppIcon;
				ASSETCATALOG_COMPILER_GLOBAL_ACCENT_COLOR_NAME = AccentColor;
				CODE_SIGN_ENTITLEMENTS = Proficiency/Proficiency.entitlements;
				CODE_SIGN_STYLE = Automatic;
				CURRENT_PROJECT_VERSION = 1;
				DEVELOPMENT_ASSET_PATHS = "\"Proficiency/Preview Content\"";
				DEVELOPMENT_TEAM = 88QL9VPLMY;
				ENABLE_HARDENED_RUNTIME = YES;
				ENABLE_PREVIEWS = YES;
				GENERATE_INFOPLIST_FILE = YES;
				"INFOPLIST_KEY_UIApplicationSceneManifest_Generation[sdk=iphoneos*]" = YES;
				"INFOPLIST_KEY_UIApplicationSceneManifest_Generation[sdk=iphonesimulator*]" = YES;
				"INFOPLIST_KEY_UIApplicationSupportsIndirectInputEvents[sdk=iphoneos*]" = YES;
				"INFOPLIST_KEY_UIApplicationSupportsIndirectInputEvents[sdk=iphonesimulator*]" = YES;
				"INFOPLIST_KEY_UILaunchScreen_Generation[sdk=iphoneos*]" = YES;
				"INFOPLIST_KEY_UILaunchScreen_Generation[sdk=iphonesimulator*]" = YES;
				"INFOPLIST_KEY_UIStatusBarStyle[sdk=iphoneos*]" = UIStatusBarStyleDefault;
				"INFOPLIST_KEY_UIStatusBarStyle[sdk=iphonesimulator*]" = UIStatusBarStyleDefault;
				INFOPLIST_KEY_UISupportedInterfaceOrientations_iPad = "UIInterfaceOrientationPortrait UIInterfaceOrientationPortraitUpsideDown UIInterfaceOrientationLandscapeLeft UIInterfaceOrientationLandscapeRight";
				INFOPLIST_KEY_UISupportedInterfaceOrientations_iPhone = "UIInterfaceOrientationPortrait UIInterfaceOrientationLandscapeLeft UIInterfaceOrientationLandscapeRight";
				IPHONEOS_DEPLOYMENT_TARGET = 16.2;
				LD_RUNPATH_SEARCH_PATHS = "@executable_path/Frameworks";
				"LD_RUNPATH_SEARCH_PATHS[sdk=macosx*]" = "@executable_path/../Frameworks";
				MACOSX_DEPLOYMENT_TARGET = 13.0;
				MARKETING_VERSION = 1.0;
				PRODUCT_BUNDLE_IDENTIFIER = com.transfinite.Proficiency;
				PRODUCT_NAME = "$(TARGET_NAME)";
				SDKROOT = auto;
				SUPPORTED_PLATFORMS = "iphoneos iphonesimulator macosx";
				SWIFT_EMIT_LOC_STRINGS = YES;
				SWIFT_VERSION = 5.0;
				TARGETED_DEVICE_FAMILY = "1,2";
			};
			name = Release;
		};
/* End XCBuildConfiguration section */

/* Begin XCConfigurationList section */
		CC574A322963B09F0021F3FF /* Build configuration list for PBXProject "Proficiency" */ = {
			isa = XCConfigurationList;
			buildConfigurations = (
				CC574A442963B0A00021F3FF /* Debug */,
				CC574A452963B0A00021F3FF /* Release */,
			);
			defaultConfigurationIsVisible = 0;
			defaultConfigurationName = Release;
		};
		CC574A462963B0A00021F3FF /* Build configuration list for PBXNativeTarget "Proficiency" */ = {
			isa = XCConfigurationList;
			buildConfigurations = (
				CC574A472963B0A00021F3FF /* Debug */,
				CC574A482963B0A00021F3FF /* Release */,
			);
			defaultConfigurationIsVisible = 0;
			defaultConfigurationName = Release;
		};
/* End XCConfigurationList section */

/* Begin XCVersionGroup section */
		CC574A492963B3960021F3FF /* Main.xcdatamodeld */ = {
			isa = XCVersionGroup;
			children = (
				CC574A4A2963B3960021F3FF /* Main.xcdatamodel */,
			);
			currentVersion = CC574A4A2963B3960021F3FF /* Main.xcdatamodel */;
			path = Main.xcdatamodeld;
			sourceTree = "<group>";
			versionGroupType = wrapper.xcdatamodel;
		};
/* End XCVersionGroup section */
	};
	rootObject = CC574A2F2963B09F0021F3FF /* Project object */;
}
