// !$*UTF8*$!
{
	archiveVersion = 1;
	classes = {
	};
	objectVersion = 56;
	objects = {

/* Begin PBXBuildFile section */
		CC0565C4297343C500D60E08 /* ExtensionTests.swift in Sources */ = {isa = PBXBuildFile; fileRef = CC0565C3297343C500D60E08 /* ExtensionTests.swift */; };
		CC0565C7297344FC00D60E08 /* DecodableDictionary.json in Resources */ = {isa = PBXBuildFile; fileRef = CC0565C6297344FC00D60E08 /* DecodableDictionary.json */; };
		CC0565C92973452900D60E08 /* DecodableString.json in Resources */ = {isa = PBXBuildFile; fileRef = CC0565C82973452900D60E08 /* DecodableString.json */; };
		CC0565CB2973467400D60E08 /* PerformanceTests.swift in Sources */ = {isa = PBXBuildFile; fileRef = CC0565CA2973467400D60E08 /* PerformanceTests.swift */; };
		CC0565CD2973497200D60E08 /* OutcomesViewModel.swift in Sources */ = {isa = PBXBuildFile; fileRef = CC0565CC2973497200D60E08 /* OutcomesViewModel.swift */; };
		CC0565CF2973509F00D60E08 /* HomeViewModel.swift in Sources */ = {isa = PBXBuildFile; fileRef = CC0565CE2973509F00D60E08 /* HomeViewModel.swift */; };
		CC0565D12973548200D60E08 /* IndicatorRowViewModel.swift in Sources */ = {isa = PBXBuildFile; fileRef = CC0565D02973548200D60E08 /* IndicatorRowViewModel.swift */; };
		CC0565D329736A0F00D60E08 /* UnlockManager.swift in Sources */ = {isa = PBXBuildFile; fileRef = CC0565D229736A0F00D60E08 /* UnlockManager.swift */; };
		CC0F3AFE2963C22E00972579 /* Indicator+Extension.swift in Sources */ = {isa = PBXBuildFile; fileRef = CC0F3AFD2963C22E00972579 /* Indicator+Extension.swift */; };
		CC0F3B002963C2FB00972579 /* Outcome+Extension.swift in Sources */ = {isa = PBXBuildFile; fileRef = CC0F3AFF2963C2FB00972579 /* Outcome+Extension.swift */; };
		CC0F3B022963D0F100972579 /* Unit+Extension.swift in Sources */ = {isa = PBXBuildFile; fileRef = CC0F3B012963D0F100972579 /* Unit+Extension.swift */; };
		CC0F3B052963D52600972579 /* Tag.swift in Sources */ = {isa = PBXBuildFile; fileRef = CC0F3B042963D52600972579 /* Tag.swift */; };
		CC0F3B072963D6F300972579 /* Tag+Extension.swift in Sources */ = {isa = PBXBuildFile; fileRef = CC0F3B062963D6F300972579 /* Tag+Extension.swift */; };
		CC0F3B0A2963D91200972579 /* EditIndicator.swift in Sources */ = {isa = PBXBuildFile; fileRef = CC0F3B092963D91200972579 /* EditIndicator.swift */; };
		CC0F3B0C2963DD2800972579 /* IndicatorRow.swift in Sources */ = {isa = PBXBuildFile; fileRef = CC0F3B0B2963DD2800972579 /* IndicatorRow.swift */; };
		CC0F3B0E2963DE0700972579 /* Binding+Extension.swift in Sources */ = {isa = PBXBuildFile; fileRef = CC0F3B0D2963DE0700972579 /* Binding+Extension.swift */; };
		CC0F3B102963DFAB00972579 /* OutcomeHeader.swift in Sources */ = {isa = PBXBuildFile; fileRef = CC0F3B0F2963DFAB00972579 /* OutcomeHeader.swift */; };
		CC0F3B122963E12800972579 /* Colors.xcassets in Resources */ = {isa = PBXBuildFile; fileRef = CC0F3B112963E12800972579 /* Colors.xcassets */; };
		CC0F3B142963E30600972579 /* EditOutcome.swift in Sources */ = {isa = PBXBuildFile; fileRef = CC0F3B132963E30600972579 /* EditOutcome.swift */; };
		CC2F71A2297443A900566382 /* ProficiencyUITests.swift in Sources */ = {isa = PBXBuildFile; fileRef = CC2F71A1297443A900566382 /* ProficiencyUITests.swift */; };
		CC2F71A4297443A900566382 /* ProficiencyUITestsLaunchTests.swift in Sources */ = {isa = PBXBuildFile; fileRef = CC2F71A3297443A900566382 /* ProficiencyUITestsLaunchTests.swift */; };
		CC574A3B2963B09F0021F3FF /* ProficiencyApp.swift in Sources */ = {isa = PBXBuildFile; fileRef = CC574A3A2963B09F0021F3FF /* ProficiencyApp.swift */; };
		CC574A3D2963B09F0021F3FF /* ContentView.swift in Sources */ = {isa = PBXBuildFile; fileRef = CC574A3C2963B09F0021F3FF /* ContentView.swift */; };
		CC574A3F2963B0A00021F3FF /* Assets.xcassets in Resources */ = {isa = PBXBuildFile; fileRef = CC574A3E2963B0A00021F3FF /* Assets.xcassets */; };
		CC574A432963B0A00021F3FF /* Preview Assets.xcassets in Resources */ = {isa = PBXBuildFile; fileRef = CC574A422963B0A00021F3FF /* Preview Assets.xcassets */; };
		CC574A4B2963B3960021F3FF /* Main.xcdatamodeld in Sources */ = {isa = PBXBuildFile; fileRef = CC574A492963B3960021F3FF /* Main.xcdatamodeld */; };
		CC574A4D2963B6D90021F3FF /* DataController.swift in Sources */ = {isa = PBXBuildFile; fileRef = CC574A4C2963B6D90021F3FF /* DataController.swift */; };
		CC574A4F2963BD480021F3FF /* Home.swift in Sources */ = {isa = PBXBuildFile; fileRef = CC574A4E2963BD480021F3FF /* Home.swift */; };
		CC574A512963BDA20021F3FF /* OutcomesView.swift in Sources */ = {isa = PBXBuildFile; fileRef = CC574A502963BDA20021F3FF /* OutcomesView.swift */; };
		CCCA9CCD2975747F00878FA6 /* SKProduct+Extension.swift in Sources */ = {isa = PBXBuildFile; fileRef = CCCA9CCC2975747F00878FA6 /* SKProduct+Extension.swift */; };
		CCCA9CD0297574EF00878FA6 /* PurchaseButton.swift in Sources */ = {isa = PBXBuildFile; fileRef = CCCA9CCF297574EF00878FA6 /* PurchaseButton.swift */; };
		CCCA9CD22975763700878FA6 /* ProductVIew.swift in Sources */ = {isa = PBXBuildFile; fileRef = CCCA9CD12975763700878FA6 /* ProductVIew.swift */; };
		CCCA9CD42975782A00878FA6 /* UnlockView.swift in Sources */ = {isa = PBXBuildFile; fileRef = CCCA9CD32975782A00878FA6 /* UnlockView.swift */; };
		CCF6908E296A0A2000EE80E3 /* Sequence+Extension.swift in Sources */ = {isa = PBXBuildFile; fileRef = CCF6908D296A0A2000EE80E3 /* Sequence+Extension.swift */; };
		CCF69090296A131F00EE80E3 /* SelectSomething.swift in Sources */ = {isa = PBXBuildFile; fileRef = CCF6908F296A131F00EE80E3 /* SelectSomething.swift */; };
		CCF69092296A13B700EE80E3 /* Bundle+Extension.swift in Sources */ = {isa = PBXBuildFile; fileRef = CCF69091296A13B600EE80E3 /* Bundle+Extension.swift */; };
		CCF69095296A13F600EE80E3 /* Awards.json in Resources */ = {isa = PBXBuildFile; fileRef = CCF69094296A13F600EE80E3 /* Awards.json */; };
		CCF69097296A143C00EE80E3 /* Award.swift in Sources */ = {isa = PBXBuildFile; fileRef = CCF69096296A143C00EE80E3 /* Award.swift */; };
		CCF69099296A14C900EE80E3 /* AwardsView.swift in Sources */ = {isa = PBXBuildFile; fileRef = CCF69098296A14C900EE80E3 /* AwardsView.swift */; };
		CCF6909B296A1F9100EE80E3 /* Color+Extension.swift in Sources */ = {isa = PBXBuildFile; fileRef = CCF6909A296A1F9100EE80E3 /* Color+Extension.swift */; };
		CCF6909D296A4C3A00EE80E3 /* Localizable.strings in Resources */ = {isa = PBXBuildFile; fileRef = CCF6909C296A4C3A00EE80E3 /* Localizable.strings */; };
		CCF6909F296A571A00EE80E3 /* IndicatorList.swift in Sources */ = {isa = PBXBuildFile; fileRef = CCF6909E296A571A00EE80E3 /* IndicatorList.swift */; };
		CCF690A1296A591B00EE80E3 /* OutcomeSummary.swift in Sources */ = {isa = PBXBuildFile; fileRef = CCF690A0296A591B00EE80E3 /* OutcomeSummary.swift */; };
		CCF690AF296A69EF00EE80E3 /* ProficiencyTests.swift in Sources */ = {isa = PBXBuildFile; fileRef = CCF690AE296A69EF00EE80E3 /* ProficiencyTests.swift */; };
		CCF690B6296A6B1500EE80E3 /* AssetTests.swift in Sources */ = {isa = PBXBuildFile; fileRef = CCF690B5296A6B1500EE80E3 /* AssetTests.swift */; };
		CCF690BA296A6CBD00EE80E3 /* DevelopmentTests.swift in Sources */ = {isa = PBXBuildFile; fileRef = CCF690B9296A6CBD00EE80E3 /* DevelopmentTests.swift */; };
		CCF690BC296A6F2000EE80E3 /* OutcomeTests.swift in Sources */ = {isa = PBXBuildFile; fileRef = CCF690BB296A6F2000EE80E3 /* OutcomeTests.swift */; };
		CCF690BE296A708300EE80E3 /* AwardTests.swift in Sources */ = {isa = PBXBuildFile; fileRef = CCF690BD296A708300EE80E3 /* AwardTests.swift */; };
/* End PBXBuildFile section */

/* Begin PBXContainerItemProxy section */
		CC2F71A5297443A900566382 /* PBXContainerItemProxy */ = {
			isa = PBXContainerItemProxy;
			containerPortal = CC574A2F2963B09F0021F3FF /* Project object */;
			proxyType = 1;
			remoteGlobalIDString = CC574A362963B09F0021F3FF;
			remoteInfo = Proficiency;
		};
		CCF690B0296A69EF00EE80E3 /* PBXContainerItemProxy */ = {
			isa = PBXContainerItemProxy;
			containerPortal = CC574A2F2963B09F0021F3FF /* Project object */;
			proxyType = 1;
			remoteGlobalIDString = CC574A362963B09F0021F3FF;
			remoteInfo = Proficiency;
		};
/* End PBXContainerItemProxy section */

/* Begin PBXFileReference section */
		CC0565C3297343C500D60E08 /* ExtensionTests.swift */ = {isa = PBXFileReference; lastKnownFileType = sourcecode.swift; path = ExtensionTests.swift; sourceTree = "<group>"; };
		CC0565C6297344FC00D60E08 /* DecodableDictionary.json */ = {isa = PBXFileReference; lastKnownFileType = text.json; path = DecodableDictionary.json; sourceTree = "<group>"; };
		CC0565C82973452900D60E08 /* DecodableString.json */ = {isa = PBXFileReference; lastKnownFileType = text.json; path = DecodableString.json; sourceTree = "<group>"; };
		CC0565CA2973467400D60E08 /* PerformanceTests.swift */ = {isa = PBXFileReference; lastKnownFileType = sourcecode.swift; path = PerformanceTests.swift; sourceTree = "<group>"; };
		CC0565CC2973497200D60E08 /* OutcomesViewModel.swift */ = {isa = PBXFileReference; lastKnownFileType = sourcecode.swift; path = OutcomesViewModel.swift; sourceTree = "<group>"; };
		CC0565CE2973509F00D60E08 /* HomeViewModel.swift */ = {isa = PBXFileReference; lastKnownFileType = sourcecode.swift; path = HomeViewModel.swift; sourceTree = "<group>"; };
		CC0565D02973548200D60E08 /* IndicatorRowViewModel.swift */ = {isa = PBXFileReference; lastKnownFileType = sourcecode.swift; path = IndicatorRowViewModel.swift; sourceTree = "<group>"; };
		CC0565D229736A0F00D60E08 /* UnlockManager.swift */ = {isa = PBXFileReference; lastKnownFileType = sourcecode.swift; path = UnlockManager.swift; sourceTree = "<group>"; };
		CC0565D52973910400D60E08 /* Configuration.storekit */ = {isa = PBXFileReference; lastKnownFileType = text; path = Configuration.storekit; sourceTree = "<group>"; };
		CC0F3AFD2963C22E00972579 /* Indicator+Extension.swift */ = {isa = PBXFileReference; lastKnownFileType = sourcecode.swift; path = "Indicator+Extension.swift"; sourceTree = "<group>"; };
		CC0F3AFF2963C2FB00972579 /* Outcome+Extension.swift */ = {isa = PBXFileReference; lastKnownFileType = sourcecode.swift; path = "Outcome+Extension.swift"; sourceTree = "<group>"; };
		CC0F3B012963D0F100972579 /* Unit+Extension.swift */ = {isa = PBXFileReference; lastKnownFileType = sourcecode.swift; path = "Unit+Extension.swift"; sourceTree = "<group>"; };
		CC0F3B042963D52600972579 /* Tag.swift */ = {isa = PBXFileReference; lastKnownFileType = sourcecode.swift; path = Tag.swift; sourceTree = "<group>"; };
		CC0F3B062963D6F300972579 /* Tag+Extension.swift */ = {isa = PBXFileReference; lastKnownFileType = sourcecode.swift; path = "Tag+Extension.swift"; sourceTree = "<group>"; };
		CC0F3B092963D91200972579 /* EditIndicator.swift */ = {isa = PBXFileReference; lastKnownFileType = sourcecode.swift; path = EditIndicator.swift; sourceTree = "<group>"; };
		CC0F3B0B2963DD2800972579 /* IndicatorRow.swift */ = {isa = PBXFileReference; lastKnownFileType = sourcecode.swift; path = IndicatorRow.swift; sourceTree = "<group>"; };
		CC0F3B0D2963DE0700972579 /* Binding+Extension.swift */ = {isa = PBXFileReference; lastKnownFileType = sourcecode.swift; path = "Binding+Extension.swift"; sourceTree = "<group>"; };
		CC0F3B0F2963DFAB00972579 /* OutcomeHeader.swift */ = {isa = PBXFileReference; lastKnownFileType = sourcecode.swift; path = OutcomeHeader.swift; sourceTree = "<group>"; };
		CC0F3B112963E12800972579 /* Colors.xcassets */ = {isa = PBXFileReference; lastKnownFileType = folder.assetcatalog; path = Colors.xcassets; sourceTree = "<group>"; };
		CC0F3B132963E30600972579 /* EditOutcome.swift */ = {isa = PBXFileReference; lastKnownFileType = sourcecode.swift; path = EditOutcome.swift; sourceTree = "<group>"; };
		CC2F719F297443A900566382 /* ProficiencyUITests.xctest */ = {isa = PBXFileReference; explicitFileType = wrapper.cfbundle; includeInIndex = 0; path = ProficiencyUITests.xctest; sourceTree = BUILT_PRODUCTS_DIR; };
		CC2F71A1297443A900566382 /* ProficiencyUITests.swift */ = {isa = PBXFileReference; lastKnownFileType = sourcecode.swift; path = ProficiencyUITests.swift; sourceTree = "<group>"; };
		CC2F71A3297443A900566382 /* ProficiencyUITestsLaunchTests.swift */ = {isa = PBXFileReference; lastKnownFileType = sourcecode.swift; path = ProficiencyUITestsLaunchTests.swift; sourceTree = "<group>"; };
		CC574A372963B09F0021F3FF /* Proficiency.app */ = {isa = PBXFileReference; explicitFileType = wrapper.application; includeInIndex = 0; path = Proficiency.app; sourceTree = BUILT_PRODUCTS_DIR; };
		CC574A3A2963B09F0021F3FF /* ProficiencyApp.swift */ = {isa = PBXFileReference; lastKnownFileType = sourcecode.swift; path = ProficiencyApp.swift; sourceTree = "<group>"; };
		CC574A3C2963B09F0021F3FF /* ContentView.swift */ = {isa = PBXFileReference; lastKnownFileType = sourcecode.swift; path = ContentView.swift; sourceTree = "<group>"; };
		CC574A3E2963B0A00021F3FF /* Assets.xcassets */ = {isa = PBXFileReference; lastKnownFileType = folder.assetcatalog; path = Assets.xcassets; sourceTree = "<group>"; };
		CC574A402963B0A00021F3FF /* Proficiency.entitlements */ = {isa = PBXFileReference; lastKnownFileType = text.plist.entitlements; path = Proficiency.entitlements; sourceTree = "<group>"; };
		CC574A422963B0A00021F3FF /* Preview Assets.xcassets */ = {isa = PBXFileReference; lastKnownFileType = folder.assetcatalog; path = "Preview Assets.xcassets"; sourceTree = "<group>"; };
		CC574A4A2963B3960021F3FF /* Main.xcdatamodel */ = {isa = PBXFileReference; lastKnownFileType = wrapper.xcdatamodel; path = Main.xcdatamodel; sourceTree = "<group>"; };
		CC574A4C2963B6D90021F3FF /* DataController.swift */ = {isa = PBXFileReference; lastKnownFileType = sourcecode.swift; path = DataController.swift; sourceTree = "<group>"; };
		CC574A4E2963BD480021F3FF /* Home.swift */ = {isa = PBXFileReference; lastKnownFileType = sourcecode.swift; path = Home.swift; sourceTree = "<group>"; };
		CC574A502963BDA20021F3FF /* OutcomesView.swift */ = {isa = PBXFileReference; lastKnownFileType = sourcecode.swift; path = OutcomesView.swift; sourceTree = "<group>"; };
		CCCA9CCC2975747F00878FA6 /* SKProduct+Extension.swift */ = {isa = PBXFileReference; lastKnownFileType = sourcecode.swift; path = "SKProduct+Extension.swift"; sourceTree = "<group>"; };
		CCCA9CCF297574EF00878FA6 /* PurchaseButton.swift */ = {isa = PBXFileReference; lastKnownFileType = sourcecode.swift; path = PurchaseButton.swift; sourceTree = "<group>"; };
		CCCA9CD12975763700878FA6 /* ProductVIew.swift */ = {isa = PBXFileReference; lastKnownFileType = sourcecode.swift; path = ProductVIew.swift; sourceTree = "<group>"; };
		CCCA9CD32975782A00878FA6 /* UnlockView.swift */ = {isa = PBXFileReference; lastKnownFileType = sourcecode.swift; path = UnlockView.swift; sourceTree = "<group>"; };
		CCF6908D296A0A2000EE80E3 /* Sequence+Extension.swift */ = {isa = PBXFileReference; lastKnownFileType = sourcecode.swift; path = "Sequence+Extension.swift"; sourceTree = "<group>"; };
		CCF6908F296A131F00EE80E3 /* SelectSomething.swift */ = {isa = PBXFileReference; lastKnownFileType = sourcecode.swift; path = SelectSomething.swift; sourceTree = "<group>"; };
		CCF69091296A13B600EE80E3 /* Bundle+Extension.swift */ = {isa = PBXFileReference; lastKnownFileType = sourcecode.swift; path = "Bundle+Extension.swift"; sourceTree = "<group>"; };
		CCF69094296A13F600EE80E3 /* Awards.json */ = {isa = PBXFileReference; fileEncoding = 4; lastKnownFileType = text.json; path = Awards.json; sourceTree = "<group>"; };
		CCF69096296A143C00EE80E3 /* Award.swift */ = {isa = PBXFileReference; lastKnownFileType = sourcecode.swift; path = Award.swift; sourceTree = "<group>"; };
		CCF69098296A14C900EE80E3 /* AwardsView.swift */ = {isa = PBXFileReference; lastKnownFileType = sourcecode.swift; path = AwardsView.swift; sourceTree = "<group>"; };
		CCF6909A296A1F9100EE80E3 /* Color+Extension.swift */ = {isa = PBXFileReference; lastKnownFileType = sourcecode.swift; path = "Color+Extension.swift"; sourceTree = "<group>"; };
		CCF6909C296A4C3A00EE80E3 /* Localizable.strings */ = {isa = PBXFileReference; lastKnownFileType = text.plist.strings; path = Localizable.strings; sourceTree = "<group>"; };
		CCF6909E296A571A00EE80E3 /* IndicatorList.swift */ = {isa = PBXFileReference; lastKnownFileType = sourcecode.swift; path = IndicatorList.swift; sourceTree = "<group>"; };
		CCF690A0296A591B00EE80E3 /* OutcomeSummary.swift */ = {isa = PBXFileReference; lastKnownFileType = sourcecode.swift; path = OutcomeSummary.swift; sourceTree = "<group>"; };
		CCF690AC296A69EF00EE80E3 /* ProficiencyTests.xctest */ = {isa = PBXFileReference; explicitFileType = wrapper.cfbundle; includeInIndex = 0; path = ProficiencyTests.xctest; sourceTree = BUILT_PRODUCTS_DIR; };
		CCF690AE296A69EF00EE80E3 /* ProficiencyTests.swift */ = {isa = PBXFileReference; lastKnownFileType = sourcecode.swift; path = ProficiencyTests.swift; sourceTree = "<group>"; };
		CCF690B5296A6B1500EE80E3 /* AssetTests.swift */ = {isa = PBXFileReference; lastKnownFileType = sourcecode.swift; path = AssetTests.swift; sourceTree = "<group>"; };
		CCF690B9296A6CBD00EE80E3 /* DevelopmentTests.swift */ = {isa = PBXFileReference; lastKnownFileType = sourcecode.swift; path = DevelopmentTests.swift; sourceTree = "<group>"; };
		CCF690BB296A6F2000EE80E3 /* OutcomeTests.swift */ = {isa = PBXFileReference; lastKnownFileType = sourcecode.swift; path = OutcomeTests.swift; sourceTree = "<group>"; };
		CCF690BD296A708300EE80E3 /* AwardTests.swift */ = {isa = PBXFileReference; lastKnownFileType = sourcecode.swift; path = AwardTests.swift; sourceTree = "<group>"; };
/* End PBXFileReference section */

/* Begin PBXFrameworksBuildPhase section */
		CC2F719C297443A900566382 /* Frameworks */ = {
			isa = PBXFrameworksBuildPhase;
			buildActionMask = 2147483647;
			files = (
			);
			runOnlyForDeploymentPostprocessing = 0;
		};
		CC574A342963B09F0021F3FF /* Frameworks */ = {
			isa = PBXFrameworksBuildPhase;
			buildActionMask = 2147483647;
			files = (
			);
			runOnlyForDeploymentPostprocessing = 0;
		};
		CCF690A9296A69EF00EE80E3 /* Frameworks */ = {
			isa = PBXFrameworksBuildPhase;
			buildActionMask = 2147483647;
			files = (
			);
			runOnlyForDeploymentPostprocessing = 0;
		};
/* End PBXFrameworksBuildPhase section */

/* Begin PBXGroup section */
		CC0565C5297344D800D60E08 /* TestFixtures */ = {
			isa = PBXGroup;
			children = (
				CC0565C6297344FC00D60E08 /* DecodableDictionary.json */,
				CC0565C82973452900D60E08 /* DecodableString.json */,
			);
			path = TestFixtures;
			sourceTree = "<group>";
		};
		CC0F3AFC2963C22100972579 /* Extension */ = {
			isa = PBXGroup;
			children = (
				CC0F3AFD2963C22E00972579 /* Indicator+Extension.swift */,
				CC0F3B012963D0F100972579 /* Unit+Extension.swift */,
				CC0F3AFF2963C2FB00972579 /* Outcome+Extension.swift */,
				CC0F3B062963D6F300972579 /* Tag+Extension.swift */,
				CC0F3B0D2963DE0700972579 /* Binding+Extension.swift */,
				CCF6908D296A0A2000EE80E3 /* Sequence+Extension.swift */,
				CCF69091296A13B600EE80E3 /* Bundle+Extension.swift */,
				CCF6909A296A1F9100EE80E3 /* Color+Extension.swift */,
				CCCA9CCC2975747F00878FA6 /* SKProduct+Extension.swift */,
			);
			path = Extension;
			sourceTree = "<group>";
		};
		CC0F3B032963D50D00972579 /* Model */ = {
			isa = PBXGroup;
			children = (
				CC0F3B042963D52600972579 /* Tag.swift */,
				CCF69096296A143C00EE80E3 /* Award.swift */,
			);
			path = Model;
			sourceTree = "<group>";
		};
		CC0F3B082963D8F900972579 /* View */ = {
			isa = PBXGroup;
			children = (
				CCF690A7296A691700EE80E3 /* Indicator */,
				CCF690A6296A690500EE80E3 /* Outcome */,
				CCF690A5296A68EF00EE80E3 /* Award */,
				CC574A4E2963BD480021F3FF /* Home.swift */,
				CCF6908F296A131F00EE80E3 /* SelectSomething.swift */,
				CC574A3C2963B09F0021F3FF /* ContentView.swift */,
				CCCA9CD12975763700878FA6 /* ProductVIew.swift */,
				CCCA9CD32975782A00878FA6 /* UnlockView.swift */,
			);
			path = View;
			sourceTree = "<group>";
		};
		CC2F71A0297443A900566382 /* ProficiencyUITests */ = {
			isa = PBXGroup;
			children = (
				CC2F71A1297443A900566382 /* ProficiencyUITests.swift */,
				CC2F71A3297443A900566382 /* ProficiencyUITestsLaunchTests.swift */,
			);
			path = ProficiencyUITests;
			sourceTree = "<group>";
		};
		CC574A2E2963B09F0021F3FF = {
			isa = PBXGroup;
			children = (
				CC574A392963B09F0021F3FF /* Proficiency */,
				CCF690AD296A69EF00EE80E3 /* ProficiencyTests */,
				CC2F71A0297443A900566382 /* ProficiencyUITests */,
				CC574A382963B09F0021F3FF /* Products */,
			);
			sourceTree = "<group>";
		};
		CC574A382963B09F0021F3FF /* Products */ = {
			isa = PBXGroup;
			children = (
				CC574A372963B09F0021F3FF /* Proficiency.app */,
				CCF690AC296A69EF00EE80E3 /* ProficiencyTests.xctest */,
				CC2F719F297443A900566382 /* ProficiencyUITests.xctest */,
			);
			name = Products;
			sourceTree = "<group>";
		};
		CC574A392963B09F0021F3FF /* Proficiency */ = {
			isa = PBXGroup;
			children = (
				CCCA9CCE297574E300878FA6 /* Styles */,
				CCF690BF296AEB5900EE80E3 /* Constant */,
				CCF690A4296A689C00EE80E3 /* ViewModel */,
				CCF690A3296A686900EE80E3 /* Configuration */,
				CCF69093296A13EF00EE80E3 /* Resources */,
				CC0F3AFC2963C22100972579 /* Extension */,
				CC0F3B082963D8F900972579 /* View */,
				CC0F3B032963D50D00972579 /* Model */,
				CC574A3A2963B09F0021F3FF /* ProficiencyApp.swift */,
				CC574A3E2963B0A00021F3FF /* Assets.xcassets */,
				CC0F3B112963E12800972579 /* Colors.xcassets */,
				CC574A412963B0A00021F3FF /* Preview Content */,
			);
			path = Proficiency;
			sourceTree = "<group>";
		};
		CC574A412963B0A00021F3FF /* Preview Content */ = {
			isa = PBXGroup;
			children = (
				CC574A422963B0A00021F3FF /* Preview Assets.xcassets */,
			);
			path = "Preview Content";
			sourceTree = "<group>";
		};
		CCCA9CCE297574E300878FA6 /* Styles */ = {
			isa = PBXGroup;
			children = (
				CCCA9CCF297574EF00878FA6 /* PurchaseButton.swift */,
			);
			path = Styles;
			sourceTree = "<group>";
		};
		CCF69093296A13EF00EE80E3 /* Resources */ = {
			isa = PBXGroup;
			children = (
				CCF69094296A13F600EE80E3 /* Awards.json */,
				CCF6909C296A4C3A00EE80E3 /* Localizable.strings */,
			);
			path = Resources;
			sourceTree = "<group>";
		};
		CCF690A3296A686900EE80E3 /* Configuration */ = {
			isa = PBXGroup;
			children = (
				CC574A492963B3960021F3FF /* Main.xcdatamodeld */,
				CC574A402963B0A00021F3FF /* Proficiency.entitlements */,
				CC0565D52973910400D60E08 /* Configuration.storekit */,
			);
			path = Configuration;
			sourceTree = "<group>";
		};
		CCF690A4296A689C00EE80E3 /* ViewModel */ = {
			isa = PBXGroup;
			children = (
				CC574A4C2963B6D90021F3FF /* DataController.swift */,
				CC0565D02973548200D60E08 /* IndicatorRowViewModel.swift */,
				CC0565CC2973497200D60E08 /* OutcomesViewModel.swift */,
				CC0565CE2973509F00D60E08 /* HomeViewModel.swift */,
				CC0565D229736A0F00D60E08 /* UnlockManager.swift */,
			);
			path = ViewModel;
			sourceTree = "<group>";
		};
		CCF690A5296A68EF00EE80E3 /* Award */ = {
			isa = PBXGroup;
			children = (
				CCF69098296A14C900EE80E3 /* AwardsView.swift */,
			);
			path = Award;
			sourceTree = "<group>";
		};
		CCF690A6296A690500EE80E3 /* Outcome */ = {
			isa = PBXGroup;
			children = (
				CCF690A0296A591B00EE80E3 /* OutcomeSummary.swift */,
				CC574A502963BDA20021F3FF /* OutcomesView.swift */,
				CC0F3B0F2963DFAB00972579 /* OutcomeHeader.swift */,
				CC0F3B132963E30600972579 /* EditOutcome.swift */,
			);
			path = Outcome;
			sourceTree = "<group>";
		};
		CCF690A7296A691700EE80E3 /* Indicator */ = {
			isa = PBXGroup;
			children = (
				CC0F3B092963D91200972579 /* EditIndicator.swift */,
				CC0F3B0B2963DD2800972579 /* IndicatorRow.swift */,
				CCF6909E296A571A00EE80E3 /* IndicatorList.swift */,
			);
			path = Indicator;
			sourceTree = "<group>";
		};
		CCF690AD296A69EF00EE80E3 /* ProficiencyTests */ = {
			isa = PBXGroup;
			children = (
				CC0565C5297344D800D60E08 /* TestFixtures */,
				CCF690AE296A69EF00EE80E3 /* ProficiencyTests.swift */,
				CCF690B5296A6B1500EE80E3 /* AssetTests.swift */,
				CCF690B9296A6CBD00EE80E3 /* DevelopmentTests.swift */,
				CCF690BB296A6F2000EE80E3 /* OutcomeTests.swift */,
				CCF690BD296A708300EE80E3 /* AwardTests.swift */,
				CC0565C3297343C500D60E08 /* ExtensionTests.swift */,
				CC0565CA2973467400D60E08 /* PerformanceTests.swift */,
			);
			path = ProficiencyTests;
			sourceTree = "<group>";
		};
		CCF690BF296AEB5900EE80E3 /* Constant */ = {
			isa = PBXGroup;
			children = (
			);
			path = Constant;
			sourceTree = "<group>";
		};
/* End PBXGroup section */

/* Begin PBXNativeTarget section */
		CC2F719E297443A900566382 /* ProficiencyUITests */ = {
			isa = PBXNativeTarget;
			buildConfigurationList = CC2F71A7297443A900566382 /* Build configuration list for PBXNativeTarget "ProficiencyUITests" */;
			buildPhases = (
				CC2F719B297443A900566382 /* Sources */,
				CC2F719C297443A900566382 /* Frameworks */,
				CC2F719D297443A900566382 /* Resources */,
			);
			buildRules = (
			);
			dependencies = (
				CC2F71A6297443A900566382 /* PBXTargetDependency */,
			);
			name = ProficiencyUITests;
			productName = ProficiencyUITests;
			productReference = CC2F719F297443A900566382 /* ProficiencyUITests.xctest */;
			productType = "com.apple.product-type.bundle.ui-testing";
		};
		CC574A362963B09F0021F3FF /* Proficiency */ = {
			isa = PBXNativeTarget;
			buildConfigurationList = CC574A462963B0A00021F3FF /* Build configuration list for PBXNativeTarget "Proficiency" */;
			buildPhases = (
				CC574A332963B09F0021F3FF /* Sources */,
				CC574A342963B09F0021F3FF /* Frameworks */,
				CC574A352963B09F0021F3FF /* Resources */,
				CCF690A2296A65A200EE80E3 /* SwiftLint */,
			);
			buildRules = (
			);
			dependencies = (
			);
			name = Proficiency;
			productName = Proficiency;
			productReference = CC574A372963B09F0021F3FF /* Proficiency.app */;
			productType = "com.apple.product-type.application";
		};
		CCF690AB296A69EF00EE80E3 /* ProficiencyTests */ = {
			isa = PBXNativeTarget;
			buildConfigurationList = CCF690B2296A69EF00EE80E3 /* Build configuration list for PBXNativeTarget "ProficiencyTests" */;
			buildPhases = (
				CCF690A8296A69EF00EE80E3 /* Sources */,
				CCF690A9296A69EF00EE80E3 /* Frameworks */,
				CCF690AA296A69EF00EE80E3 /* Resources */,
			);
			buildRules = (
			);
			dependencies = (
				CCF690B1296A69EF00EE80E3 /* PBXTargetDependency */,
			);
			name = ProficiencyTests;
			productName = ProficiencyTests;
			productReference = CCF690AC296A69EF00EE80E3 /* ProficiencyTests.xctest */;
			productType = "com.apple.product-type.bundle.unit-test";
		};
/* End PBXNativeTarget section */

/* Begin PBXProject section */
		CC574A2F2963B09F0021F3FF /* Project object */ = {
			isa = PBXProject;
			attributes = {
				BuildIndependentTargetsInParallel = 1;
				LastSwiftUpdateCheck = 1420;
				LastUpgradeCheck = 1420;
				TargetAttributes = {
					CC2F719E297443A900566382 = {
						CreatedOnToolsVersion = 14.2;
						TestTargetID = CC574A362963B09F0021F3FF;
					};
					CC574A362963B09F0021F3FF = {
						CreatedOnToolsVersion = 14.2;
					};
					CCF690AB296A69EF00EE80E3 = {
						CreatedOnToolsVersion = 14.2;
						TestTargetID = CC574A362963B09F0021F3FF;
					};
				};
			};
			buildConfigurationList = CC574A322963B09F0021F3FF /* Build configuration list for PBXProject "Proficiency" */;
			compatibilityVersion = "Xcode 14.0";
			developmentRegion = en;
			hasScannedForEncodings = 0;
			knownRegions = (
				en,
				Base,
			);
			mainGroup = CC574A2E2963B09F0021F3FF;
			productRefGroup = CC574A382963B09F0021F3FF /* Products */;
			projectDirPath = "";
			projectRoot = "";
			targets = (
				CC574A362963B09F0021F3FF /* Proficiency */,
				CCF690AB296A69EF00EE80E3 /* ProficiencyTests */,
				CC2F719E297443A900566382 /* ProficiencyUITests */,
			);
		};
/* End PBXProject section */

/* Begin PBXResourcesBuildPhase section */
		CC2F719D297443A900566382 /* Resources */ = {
			isa = PBXResourcesBuildPhase;
			buildActionMask = 2147483647;
			files = (
			);
			runOnlyForDeploymentPostprocessing = 0;
		};
		CC574A352963B09F0021F3FF /* Resources */ = {
			isa = PBXResourcesBuildPhase;
			buildActionMask = 2147483647;
			files = (
				CCF6909D296A4C3A00EE80E3 /* Localizable.strings in Resources */,
				CC0F3B122963E12800972579 /* Colors.xcassets in Resources */,
				CCF69095296A13F600EE80E3 /* Awards.json in Resources */,
				CC574A432963B0A00021F3FF /* Preview Assets.xcassets in Resources */,
				CC574A3F2963B0A00021F3FF /* Assets.xcassets in Resources */,
			);
			runOnlyForDeploymentPostprocessing = 0;
		};
		CCF690AA296A69EF00EE80E3 /* Resources */ = {
			isa = PBXResourcesBuildPhase;
			buildActionMask = 2147483647;
			files = (
				CC0565C92973452900D60E08 /* DecodableString.json in Resources */,
				CC0565C7297344FC00D60E08 /* DecodableDictionary.json in Resources */,
			);
			runOnlyForDeploymentPostprocessing = 0;
		};
/* End PBXResourcesBuildPhase section */

/* Begin PBXShellScriptBuildPhase section */
		CCF690A2296A65A200EE80E3 /* SwiftLint */ = {
			isa = PBXShellScriptBuildPhase;
			alwaysOutOfDate = 1;
			buildActionMask = 2147483647;
			files = (
			);
			inputFileListPaths = (
			);
			inputPaths = (
			);
			name = SwiftLint;
			outputFileListPaths = (
			);
			outputPaths = (
			);
			runOnlyForDeploymentPostprocessing = 0;
			shellPath = /bin/sh;
			shellScript = "# Type a script or drag a script file from your workspace to insert its path.\nif which swiftlint >/dev/null; then\n  swiftlint\nelse\n  echo \"warning: SwiftLint not installed, download from https://github.com/realm/SwiftLint\"\nfi\n";
		};
/* End PBXShellScriptBuildPhase section */

/* Begin PBXSourcesBuildPhase section */
		CC2F719B297443A900566382 /* Sources */ = {
			isa = PBXSourcesBuildPhase;
			buildActionMask = 2147483647;
			files = (
				CC2F71A4297443A900566382 /* ProficiencyUITestsLaunchTests.swift in Sources */,
				CC2F71A2297443A900566382 /* ProficiencyUITests.swift in Sources */,
			);
			runOnlyForDeploymentPostprocessing = 0;
		};
		CC574A332963B09F0021F3FF /* Sources */ = {
			isa = PBXSourcesBuildPhase;
			buildActionMask = 2147483647;
			files = (
				CC0F3AFE2963C22E00972579 /* Indicator+Extension.swift in Sources */,
				CCCA9CD22975763700878FA6 /* ProductVIew.swift in Sources */,
				CCF690A1296A591B00EE80E3 /* OutcomeSummary.swift in Sources */,
				CC0F3B0A2963D91200972579 /* EditIndicator.swift in Sources */,
				CCF6908E296A0A2000EE80E3 /* Sequence+Extension.swift in Sources */,
				CCCA9CCD2975747F00878FA6 /* SKProduct+Extension.swift in Sources */,
				CC0F3B022963D0F100972579 /* Unit+Extension.swift in Sources */,
				CC0F3B052963D52600972579 /* Tag.swift in Sources */,
				CC0565D12973548200D60E08 /* IndicatorRowViewModel.swift in Sources */,
				CCCA9CD0297574EF00878FA6 /* PurchaseButton.swift in Sources */,
				CC574A4B2963B3960021F3FF /* Main.xcdatamodeld in Sources */,
				CCF69090296A131F00EE80E3 /* SelectSomething.swift in Sources */,
				CCF6909F296A571A00EE80E3 /* IndicatorList.swift in Sources */,
				CC574A4D2963B6D90021F3FF /* DataController.swift in Sources */,
				CC0F3B0C2963DD2800972579 /* IndicatorRow.swift in Sources */,
				CCF6909B296A1F9100EE80E3 /* Color+Extension.swift in Sources */,
				CC0565D329736A0F00D60E08 /* UnlockManager.swift in Sources */,
				CC574A4F2963BD480021F3FF /* Home.swift in Sources */,
				CCCA9CD42975782A00878FA6 /* UnlockView.swift in Sources */,
				CC574A3D2963B09F0021F3FF /* ContentView.swift in Sources */,
				CC0565CD2973497200D60E08 /* OutcomesViewModel.swift in Sources */,
				CC574A3B2963B09F0021F3FF /* ProficiencyApp.swift in Sources */,
				CC0F3B102963DFAB00972579 /* OutcomeHeader.swift in Sources */,
				CCF69097296A143C00EE80E3 /* Award.swift in Sources */,
				CC0F3B072963D6F300972579 /* Tag+Extension.swift in Sources */,
				CC0F3B002963C2FB00972579 /* Outcome+Extension.swift in Sources */,
				CC574A512963BDA20021F3FF /* OutcomesView.swift in Sources */,
				CC0565CF2973509F00D60E08 /* HomeViewModel.swift in Sources */,
				CC0F3B142963E30600972579 /* EditOutcome.swift in Sources */,
				CC0F3B0E2963DE0700972579 /* Binding+Extension.swift in Sources */,
				CCF69092296A13B700EE80E3 /* Bundle+Extension.swift in Sources */,
				CCF69099296A14C900EE80E3 /* AwardsView.swift in Sources */,
			);
			runOnlyForDeploymentPostprocessing = 0;
		};
		CCF690A8296A69EF00EE80E3 /* Sources */ = {
			isa = PBXSourcesBuildPhase;
			buildActionMask = 2147483647;
			files = (
				CC0565CB2973467400D60E08 /* PerformanceTests.swift in Sources */,
				CCF690BC296A6F2000EE80E3 /* OutcomeTests.swift in Sources */,
				CCF690B6296A6B1500EE80E3 /* AssetTests.swift in Sources */,
				CCF690BE296A708300EE80E3 /* AwardTests.swift in Sources */,
				CC0565C4297343C500D60E08 /* ExtensionTests.swift in Sources */,
				CCF690AF296A69EF00EE80E3 /* ProficiencyTests.swift in Sources */,
				CCF690BA296A6CBD00EE80E3 /* DevelopmentTests.swift in Sources */,
			);
			runOnlyForDeploymentPostprocessing = 0;
		};
/* End PBXSourcesBuildPhase section */

/* Begin PBXTargetDependency section */
		CC2F71A6297443A900566382 /* PBXTargetDependency */ = {
			isa = PBXTargetDependency;
			target = CC574A362963B09F0021F3FF /* Proficiency */;
			targetProxy = CC2F71A5297443A900566382 /* PBXContainerItemProxy */;
		};
		CCF690B1296A69EF00EE80E3 /* PBXTargetDependency */ = {
			isa = PBXTargetDependency;
			target = CC574A362963B09F0021F3FF /* Proficiency */;
			targetProxy = CCF690B0296A69EF00EE80E3 /* PBXContainerItemProxy */;
		};
/* End PBXTargetDependency section */

/* Begin XCBuildConfiguration section */
		CC2F71A8297443A900566382 /* Debug */ = {
			isa = XCBuildConfiguration;
			buildSettings = {
				CODE_SIGN_STYLE = Automatic;
				CURRENT_PROJECT_VERSION = 1;
				DEVELOPMENT_TEAM = 88QL9VPLMY;
				GENERATE_INFOPLIST_FILE = YES;
				IPHONEOS_DEPLOYMENT_TARGET = 16.2;
				MARKETING_VERSION = 1.0;
				PRODUCT_BUNDLE_IDENTIFIER = com.transfinite.ProficiencyUITests;
				PRODUCT_NAME = "$(TARGET_NAME)";
				SDKROOT = iphoneos;
				SWIFT_EMIT_LOC_STRINGS = NO;
				SWIFT_VERSION = 5.0;
				TARGETED_DEVICE_FAMILY = "1,2";
				TEST_TARGET_NAME = Proficiency;
			};
			name = Debug;
		};
		CC2F71A9297443A900566382 /* Release */ = {
			isa = XCBuildConfiguration;
			buildSettings = {
				CODE_SIGN_STYLE = Automatic;
				CURRENT_PROJECT_VERSION = 1;
				DEVELOPMENT_TEAM = 88QL9VPLMY;
				GENERATE_INFOPLIST_FILE = YES;
				IPHONEOS_DEPLOYMENT_TARGET = 16.2;
				MARKETING_VERSION = 1.0;
				PRODUCT_BUNDLE_IDENTIFIER = com.transfinite.ProficiencyUITests;
				PRODUCT_NAME = "$(TARGET_NAME)";
				SDKROOT = iphoneos;
				SWIFT_EMIT_LOC_STRINGS = NO;
				SWIFT_VERSION = 5.0;
				TARGETED_DEVICE_FAMILY = "1,2";
				TEST_TARGET_NAME = Proficiency;
				VALIDATE_PRODUCT = YES;
			};
			name = Release;
		};
		CC574A442963B0A00021F3FF /* Debug */ = {
			isa = XCBuildConfiguration;
			buildSettings = {
				ALWAYS_SEARCH_USER_PATHS = NO;
				CLANG_ANALYZER_NONNULL = YES;
				CLANG_ANALYZER_NUMBER_OBJECT_CONVERSION = YES_AGGRESSIVE;
				CLANG_CXX_LANGUAGE_STANDARD = "gnu++20";
				CLANG_ENABLE_MODULES = YES;
				CLANG_ENABLE_OBJC_ARC = YES;
				CLANG_ENABLE_OBJC_WEAK = YES;
				CLANG_WARN_BLOCK_CAPTURE_AUTORELEASING = YES;
				CLANG_WARN_BOOL_CONVERSION = YES;
				CLANG_WARN_COMMA = YES;
				CLANG_WARN_CONSTANT_CONVERSION = YES;
				CLANG_WARN_DEPRECATED_OBJC_IMPLEMENTATIONS = YES;
				CLANG_WARN_DIRECT_OBJC_ISA_USAGE = YES_ERROR;
				CLANG_WARN_DOCUMENTATION_COMMENTS = YES;
				CLANG_WARN_EMPTY_BODY = YES;
				CLANG_WARN_ENUM_CONVERSION = YES;
				CLANG_WARN_INFINITE_RECURSION = YES;
				CLANG_WARN_INT_CONVERSION = YES;
				CLANG_WARN_NON_LITERAL_NULL_CONVERSION = YES;
				CLANG_WARN_OBJC_IMPLICIT_RETAIN_SELF = YES;
				CLANG_WARN_OBJC_LITERAL_CONVERSION = YES;
				CLANG_WARN_OBJC_ROOT_CLASS = YES_ERROR;
				CLANG_WARN_QUOTED_INCLUDE_IN_FRAMEWORK_HEADER = YES;
				CLANG_WARN_RANGE_LOOP_ANALYSIS = YES;
				CLANG_WARN_STRICT_PROTOTYPES = YES;
				CLANG_WARN_SUSPICIOUS_MOVE = YES;
				CLANG_WARN_UNGUARDED_AVAILABILITY = YES_AGGRESSIVE;
				CLANG_WARN_UNREACHABLE_CODE = YES;
				CLANG_WARN__DUPLICATE_METHOD_MATCH = YES;
				COPY_PHASE_STRIP = NO;
				DEBUG_INFORMATION_FORMAT = dwarf;
				ENABLE_STRICT_OBJC_MSGSEND = YES;
				ENABLE_TESTABILITY = YES;
				GCC_C_LANGUAGE_STANDARD = gnu11;
				GCC_DYNAMIC_NO_PIC = NO;
				GCC_NO_COMMON_BLOCKS = YES;
				GCC_OPTIMIZATION_LEVEL = 0;
				GCC_PREPROCESSOR_DEFINITIONS = (
					"DEBUG=1",
					"$(inherited)",
				);
				GCC_WARN_64_TO_32_BIT_CONVERSION = YES;
				GCC_WARN_ABOUT_RETURN_TYPE = YES_ERROR;
				GCC_WARN_UNDECLARED_SELECTOR = YES;
				GCC_WARN_UNINITIALIZED_AUTOS = YES_AGGRESSIVE;
				GCC_WARN_UNUSED_FUNCTION = YES;
				GCC_WARN_UNUSED_VARIABLE = YES;
				MTL_ENABLE_DEBUG_INFO = INCLUDE_SOURCE;
				MTL_FAST_MATH = YES;
				ONLY_ACTIVE_ARCH = YES;
				SWIFT_ACTIVE_COMPILATION_CONDITIONS = DEBUG;
				SWIFT_OPTIMIZATION_LEVEL = "-Onone";
			};
			name = Debug;
		};
		CC574A452963B0A00021F3FF /* Release */ = {
			isa = XCBuildConfiguration;
			buildSettings = {
				ALWAYS_SEARCH_USER_PATHS = NO;
				CLANG_ANALYZER_NONNULL = YES;
				CLANG_ANALYZER_NUMBER_OBJECT_CONVERSION = YES_AGGRESSIVE;
				CLANG_CXX_LANGUAGE_STANDARD = "gnu++20";
				CLANG_ENABLE_MODULES = YES;
				CLANG_ENABLE_OBJC_ARC = YES;
				CLANG_ENABLE_OBJC_WEAK = YES;
				CLANG_WARN_BLOCK_CAPTURE_AUTORELEASING = YES;
				CLANG_WARN_BOOL_CONVERSION = YES;
				CLANG_WARN_COMMA = YES;
				CLANG_WARN_CONSTANT_CONVERSION = YES;
				CLANG_WARN_DEPRECATED_OBJC_IMPLEMENTATIONS = YES;
				CLANG_WARN_DIRECT_OBJC_ISA_USAGE = YES_ERROR;
				CLANG_WARN_DOCUMENTATION_COMMENTS = YES;
				CLANG_WARN_EMPTY_BODY = YES;
				CLANG_WARN_ENUM_CONVERSION = YES;
				CLANG_WARN_INFINITE_RECURSION = YES;
				CLANG_WARN_INT_CONVERSION = YES;
				CLANG_WARN_NON_LITERAL_NULL_CONVERSION = YES;
				CLANG_WARN_OBJC_IMPLICIT_RETAIN_SELF = YES;
				CLANG_WARN_OBJC_LITERAL_CONVERSION = YES;
				CLANG_WARN_OBJC_ROOT_CLASS = YES_ERROR;
				CLANG_WARN_QUOTED_INCLUDE_IN_FRAMEWORK_HEADER = YES;
				CLANG_WARN_RANGE_LOOP_ANALYSIS = YES;
				CLANG_WARN_STRICT_PROTOTYPES = YES;
				CLANG_WARN_SUSPICIOUS_MOVE = YES;
				CLANG_WARN_UNGUARDED_AVAILABILITY = YES_AGGRESSIVE;
				CLANG_WARN_UNREACHABLE_CODE = YES;
				CLANG_WARN__DUPLICATE_METHOD_MATCH = YES;
				COPY_PHASE_STRIP = NO;
				DEBUG_INFORMATION_FORMAT = "dwarf-with-dsym";
				ENABLE_NS_ASSERTIONS = NO;
				ENABLE_STRICT_OBJC_MSGSEND = YES;
				GCC_C_LANGUAGE_STANDARD = gnu11;
				GCC_NO_COMMON_BLOCKS = YES;
				GCC_WARN_64_TO_32_BIT_CONVERSION = YES;
				GCC_WARN_ABOUT_RETURN_TYPE = YES_ERROR;
				GCC_WARN_UNDECLARED_SELECTOR = YES;
				GCC_WARN_UNINITIALIZED_AUTOS = YES_AGGRESSIVE;
				GCC_WARN_UNUSED_FUNCTION = YES;
				GCC_WARN_UNUSED_VARIABLE = YES;
				MTL_ENABLE_DEBUG_INFO = NO;
				MTL_FAST_MATH = YES;
				SWIFT_COMPILATION_MODE = wholemodule;
				SWIFT_OPTIMIZATION_LEVEL = "-O";
			};
			name = Release;
		};
		CC574A472963B0A00021F3FF /* Debug */ = {
			isa = XCBuildConfiguration;
			buildSettings = {
				ASSETCATALOG_COMPILER_APPICON_NAME = AppIcon;
				ASSETCATALOG_COMPILER_GLOBAL_ACCENT_COLOR_NAME = AccentColor;
				CODE_SIGN_ENTITLEMENTS = Proficiency/Configuration/Proficiency.entitlements;
				CODE_SIGN_STYLE = Automatic;
				CURRENT_PROJECT_VERSION = 1;
				DEVELOPMENT_ASSET_PATHS = "\"Proficiency/Preview Content\"";
				DEVELOPMENT_TEAM = 88QL9VPLMY;
				ENABLE_HARDENED_RUNTIME = YES;
				ENABLE_PREVIEWS = YES;
				GENERATE_INFOPLIST_FILE = YES;
				INFOPLIST_KEY_LSApplicationCategoryType = "public.app-category.education";
				"INFOPLIST_KEY_UIApplicationSceneManifest_Generation[sdk=iphoneos*]" = YES;
				"INFOPLIST_KEY_UIApplicationSceneManifest_Generation[sdk=iphonesimulator*]" = YES;
				"INFOPLIST_KEY_UIApplicationSupportsIndirectInputEvents[sdk=iphoneos*]" = YES;
				"INFOPLIST_KEY_UIApplicationSupportsIndirectInputEvents[sdk=iphonesimulator*]" = YES;
				"INFOPLIST_KEY_UILaunchScreen_Generation[sdk=iphoneos*]" = YES;
				"INFOPLIST_KEY_UILaunchScreen_Generation[sdk=iphonesimulator*]" = YES;
				"INFOPLIST_KEY_UIStatusBarStyle[sdk=iphoneos*]" = UIStatusBarStyleDefault;
				"INFOPLIST_KEY_UIStatusBarStyle[sdk=iphonesimulator*]" = UIStatusBarStyleDefault;
				INFOPLIST_KEY_UISupportedInterfaceOrientations_iPad = "UIInterfaceOrientationPortrait UIInterfaceOrientationPortraitUpsideDown UIInterfaceOrientationLandscapeLeft UIInterfaceOrientationLandscapeRight";
				INFOPLIST_KEY_UISupportedInterfaceOrientations_iPhone = "UIInterfaceOrientationPortrait UIInterfaceOrientationLandscapeLeft UIInterfaceOrientationLandscapeRight";
				IPHONEOS_DEPLOYMENT_TARGET = 16.2;
				LD_RUNPATH_SEARCH_PATHS = "@executable_path/Frameworks";
				"LD_RUNPATH_SEARCH_PATHS[sdk=macosx*]" = "@executable_path/../Frameworks";
				MACOSX_DEPLOYMENT_TARGET = 13.0;
				MARKETING_VERSION = 1.0;
				PRODUCT_BUNDLE_IDENTIFIER = com.transfinite.Proficiency;
				PRODUCT_NAME = "$(TARGET_NAME)";
				SDKROOT = auto;
				SUPPORTED_PLATFORMS = "iphoneos iphonesimulator macosx";
				SWIFT_EMIT_LOC_STRINGS = YES;
				SWIFT_VERSION = 5.0;
				TARGETED_DEVICE_FAMILY = "1,2";
			};
			name = Debug;
		};
		CC574A482963B0A00021F3FF /* Release */ = {
			isa = XCBuildConfiguration;
			buildSettings = {
				ASSETCATALOG_COMPILER_APPICON_NAME = AppIcon;
				ASSETCATALOG_COMPILER_GLOBAL_ACCENT_COLOR_NAME = AccentColor;
				CODE_SIGN_ENTITLEMENTS = Proficiency/Configuration/Proficiency.entitlements;
				CODE_SIGN_STYLE = Automatic;
				CURRENT_PROJECT_VERSION = 1;
				DEVELOPMENT_ASSET_PATHS = "\"Proficiency/Preview Content\"";
				DEVELOPMENT_TEAM = 88QL9VPLMY;
				ENABLE_HARDENED_RUNTIME = YES;
				ENABLE_PREVIEWS = YES;
				GENERATE_INFOPLIST_FILE = YES;
				INFOPLIST_KEY_LSApplicationCategoryType = "public.app-category.education";
				"INFOPLIST_KEY_UIApplicationSceneManifest_Generation[sdk=iphoneos*]" = YES;
				"INFOPLIST_KEY_UIApplicationSceneManifest_Generation[sdk=iphonesimulator*]" = YES;
				"INFOPLIST_KEY_UIApplicationSupportsIndirectInputEvents[sdk=iphoneos*]" = YES;
				"INFOPLIST_KEY_UIApplicationSupportsIndirectInputEvents[sdk=iphonesimulator*]" = YES;
				"INFOPLIST_KEY_UILaunchScreen_Generation[sdk=iphoneos*]" = YES;
				"INFOPLIST_KEY_UILaunchScreen_Generation[sdk=iphonesimulator*]" = YES;
				"INFOPLIST_KEY_UIStatusBarStyle[sdk=iphoneos*]" = UIStatusBarStyleDefault;
				"INFOPLIST_KEY_UIStatusBarStyle[sdk=iphonesimulator*]" = UIStatusBarStyleDefault;
				INFOPLIST_KEY_UISupportedInterfaceOrientations_iPad = "UIInterfaceOrientationPortrait UIInterfaceOrientationPortraitUpsideDown UIInterfaceOrientationLandscapeLeft UIInterfaceOrientationLandscapeRight";
				INFOPLIST_KEY_UISupportedInterfaceOrientations_iPhone = "UIInterfaceOrientationPortrait UIInterfaceOrientationLandscapeLeft UIInterfaceOrientationLandscapeRight";
				IPHONEOS_DEPLOYMENT_TARGET = 16.2;
				LD_RUNPATH_SEARCH_PATHS = "@executable_path/Frameworks";
				"LD_RUNPATH_SEARCH_PATHS[sdk=macosx*]" = "@executable_path/../Frameworks";
				MACOSX_DEPLOYMENT_TARGET = 13.0;
				MARKETING_VERSION = 1.0;
				PRODUCT_BUNDLE_IDENTIFIER = com.transfinite.Proficiency;
				PRODUCT_NAME = "$(TARGET_NAME)";
				SDKROOT = auto;
				SUPPORTED_PLATFORMS = "iphoneos iphonesimulator macosx";
				SWIFT_EMIT_LOC_STRINGS = YES;
				SWIFT_VERSION = 5.0;
				TARGETED_DEVICE_FAMILY = "1,2";
			};
			name = Release;
		};
		CCF690B3296A69EF00EE80E3 /* Debug */ = {
			isa = XCBuildConfiguration;
			buildSettings = {
				BUNDLE_LOADER = "$(TEST_HOST)";
				CODE_SIGN_STYLE = Automatic;
				CURRENT_PROJECT_VERSION = 1;
				DEVELOPMENT_TEAM = 88QL9VPLMY;
				GENERATE_INFOPLIST_FILE = YES;
				IPHONEOS_DEPLOYMENT_TARGET = 16.2;
				MARKETING_VERSION = 1.0;
				PRODUCT_BUNDLE_IDENTIFIER = com.transfinite.ProficiencyTests;
				PRODUCT_NAME = "$(TARGET_NAME)";
				SDKROOT = iphoneos;
				SWIFT_EMIT_LOC_STRINGS = NO;
				SWIFT_VERSION = 5.0;
				TARGETED_DEVICE_FAMILY = "1,2";
				TEST_HOST = "$(BUILT_PRODUCTS_DIR)/Proficiency.app/$(BUNDLE_EXECUTABLE_FOLDER_PATH)/Proficiency";
			};
			name = Debug;
		};
		CCF690B4296A69EF00EE80E3 /* Release */ = {
			isa = XCBuildConfiguration;
			buildSettings = {
				BUNDLE_LOADER = "$(TEST_HOST)";
				CODE_SIGN_STYLE = Automatic;
				CURRENT_PROJECT_VERSION = 1;
				DEVELOPMENT_TEAM = 88QL9VPLMY;
				GENERATE_INFOPLIST_FILE = YES;
				IPHONEOS_DEPLOYMENT_TARGET = 16.2;
				MARKETING_VERSION = 1.0;
				PRODUCT_BUNDLE_IDENTIFIER = com.transfinite.ProficiencyTests;
				PRODUCT_NAME = "$(TARGET_NAME)";
				SDKROOT = iphoneos;
				SWIFT_EMIT_LOC_STRINGS = NO;
				SWIFT_VERSION = 5.0;
				TARGETED_DEVICE_FAMILY = "1,2";
				TEST_HOST = "$(BUILT_PRODUCTS_DIR)/Proficiency.app/$(BUNDLE_EXECUTABLE_FOLDER_PATH)/Proficiency";
				VALIDATE_PRODUCT = YES;
			};
			name = Release;
		};
/* End XCBuildConfiguration section */

/* Begin XCConfigurationList section */
		CC2F71A7297443A900566382 /* Build configuration list for PBXNativeTarget "ProficiencyUITests" */ = {
			isa = XCConfigurationList;
			buildConfigurations = (
				CC2F71A8297443A900566382 /* Debug */,
				CC2F71A9297443A900566382 /* Release */,
			);
			defaultConfigurationIsVisible = 0;
			defaultConfigurationName = Release;
		};
		CC574A322963B09F0021F3FF /* Build configuration list for PBXProject "Proficiency" */ = {
			isa = XCConfigurationList;
			buildConfigurations = (
				CC574A442963B0A00021F3FF /* Debug */,
				CC574A452963B0A00021F3FF /* Release */,
			);
			defaultConfigurationIsVisible = 0;
			defaultConfigurationName = Release;
		};
		CC574A462963B0A00021F3FF /* Build configuration list for PBXNativeTarget "Proficiency" */ = {
			isa = XCConfigurationList;
			buildConfigurations = (
				CC574A472963B0A00021F3FF /* Debug */,
				CC574A482963B0A00021F3FF /* Release */,
			);
			defaultConfigurationIsVisible = 0;
			defaultConfigurationName = Release;
		};
		CCF690B2296A69EF00EE80E3 /* Build configuration list for PBXNativeTarget "ProficiencyTests" */ = {
			isa = XCConfigurationList;
			buildConfigurations = (
				CCF690B3296A69EF00EE80E3 /* Debug */,
				CCF690B4296A69EF00EE80E3 /* Release */,
			);
			defaultConfigurationIsVisible = 0;
			defaultConfigurationName = Release;
		};
/* End XCConfigurationList section */

/* Begin XCVersionGroup section */
		CC574A492963B3960021F3FF /* Main.xcdatamodeld */ = {
			isa = XCVersionGroup;
			children = (
				CC574A4A2963B3960021F3FF /* Main.xcdatamodel */,
			);
			currentVersion = CC574A4A2963B3960021F3FF /* Main.xcdatamodel */;
			path = Main.xcdatamodeld;
			sourceTree = "<group>";
			versionGroupType = wrapper.xcdatamodel;
		};
/* End XCVersionGroup section */
	};
	rootObject = CC574A2F2963B09F0021F3FF /* Project object */;
}
